
Microsoft Visual Studio Solution File, Format Version 12.00
# Visual Studio Version 16
VisualStudioVersion = 25.0.1700.5
MinimumVisualStudioVersion = 10.0.40219.1
Project("{FAE04EC0-301F-11D3-BF4B-00C04F79EFBC}") = "T04-Ejercicio11", "T04-Ejercicio11.csproj", "{9DB3D52A-FDDE-49ED-8A88-88FE17E5BB0A}"
EndProject
Global
	GlobalSection(SolutionConfigurationPlatforms) = preSolution
		Debug|Any CPU = Debug|Any CPU
		Release|Any CPU = Release|Any CPU
	EndGlobalSection
	GlobalSection(ProjectConfigurationPlatforms) = postSolution
		{9DB3D52A-FDDE-49ED-8A88-88FE17E5BB0A}.Debug|Any CPU.ActiveCfg = Debug|Any CPU
		{9DB3D52A-FDDE-49ED-8A88-88FE17E5BB0A}.Debug|Any CPU.Build.0 = Debug|Any CPU
		{9DB3D52A-FDDE-49ED-8A88-88FE17E5BB0A}.Release|Any CPU.ActiveCfg = Release|Any CPU
		{9DB3D52A-FDDE-49ED-8A88-88FE17E5BB0A}.Release|Any CPU.Build.0 = Release|Any CPU
	EndGlobalSection
	GlobalSection(SolutionProperties) = preSolution
		HideSolutionNode = FALSE
	EndGlobalSection
	GlobalSection(ExtensibilityGlobals) = postSolution
		SolutionGuid = {D712E956-1C94-4C95-B16E-EF5F6FEEFD18}
	EndGlobalSection
EndGlobal
